# This is a Gradle generated file for dependency locking.
# Manual edits can break the build and are not advised.
# This file is expected to be part of source control.
aopalliance:aopalliance:1.0=runtimeClasspath,testRuntimeClasspath
com.ethlo.time:itu:1.5.1=runtimeClasspath,testRuntimeClasspath
com.fasterxml.jackson.core:jackson-annotations:2.13.3=runtimeClasspath,testRuntimeClasspath
com.fasterxml.jackson.core:jackson-core:2.13.3=runtimeClasspath,testRuntimeClasspath
com.fasterxml.jackson.core:jackson-databind:2.13.3=runtimeClasspath,testRuntimeClasspath
com.fasterxml.jackson.dataformat:jackson-dataformat-xml:2.13.3=runtimeClasspath,testRuntimeClasspath
com.fasterxml.jackson:jackson-bom:2.13.3=runtimeClasspath,testRuntimeClasspath
com.fasterxml.woodstox:woodstox-core:6.2.7=runtimeClasspath,testRuntimeClasspath
com.github.gundy:semver4j:0.16.4=runtimeClasspath,testRuntimeClasspath
com.github.package-url:packageurl-java:1.4.1=runtimeClasspath,testRuntimeClasspath
com.google.code.findbugs:jsr305:3.0.2=runtimeClasspath,testRuntimeClasspath
com.google.code.gson:gson:2.8.6=runtimeClasspath,testRuntimeClasspath
com.google.errorprone:error_prone_annotations:2.3.4=runtimeClasspath,testRuntimeClasspath
com.google.guava:failureaccess:1.0.1=runtimeClasspath,testRuntimeClasspath
com.google.guava:guava:29.0-jre=runtimeClasspath,testRuntimeClasspath
com.google.guava:listenablefuture:9999.0-empty-to-avoid-conflict-with-guava=runtimeClasspath,testRuntimeClasspath
com.google.inject:guice:4.2.2=runtimeClasspath,testRuntimeClasspath
com.google.j2objc:j2objc-annotations:1.3=runtimeClasspath,testRuntimeClasspath
com.networknt:json-schema-validator:1.0.70=runtimeClasspath,testRuntimeClasspath
commons-codec:commons-codec:1.15=runtimeClasspath,testRuntimeClasspath
commons-io:commons-io:2.11.0=runtimeClasspath,testRuntimeClasspath
de.undercouch:gradle-download-task:4.1.1=runtimeClasspath,testRuntimeClasspath
javax.annotation:javax.annotation-api:1.2=runtimeClasspath,testRuntimeClasspath
javax.inject:javax.inject:1=runtimeClasspath,testRuntimeClasspath
org.apache.commons:commons-lang3:3.8.1=runtimeClasspath,testRuntimeClasspath
org.apache.maven.resolver:maven-resolver-api:1.6.3=runtimeClasspath,testRuntimeClasspath
org.apache.maven.resolver:maven-resolver-impl:1.6.3=runtimeClasspath,testRuntimeClasspath
org.apache.maven.resolver:maven-resolver-spi:1.6.3=runtimeClasspath,testRuntimeClasspath
org.apache.maven.resolver:maven-resolver-util:1.6.3=runtimeClasspath,testRuntimeClasspath
org.apache.maven.shared:maven-shared-utils:3.3.4=runtimeClasspath,testRuntimeClasspath
org.apache.maven:maven-artifact:3.8.6=runtimeClasspath,testRuntimeClasspath
org.apache.maven:maven-builder-support:3.8.6=runtimeClasspath,testRuntimeClasspath
org.apache.maven:maven-core:3.8.6=runtimeClasspath,testRuntimeClasspath
org.apache.maven:maven-model-builder:3.8.6=runtimeClasspath,testRuntimeClasspath
org.apache.maven:maven-model:3.8.6=runtimeClasspath,testRuntimeClasspath
org.apache.maven:maven-plugin-api:3.8.6=runtimeClasspath,testRuntimeClasspath
org.apache.maven:maven-repository-metadata:3.8.6=runtimeClasspath,testRuntimeClasspath
org.apache.maven:maven-resolver-provider:3.8.6=runtimeClasspath,testRuntimeClasspath
org.apache.maven:maven-settings-builder:3.8.6=runtimeClasspath,testRuntimeClasspath
org.apache.maven:maven-settings:3.8.6=runtimeClasspath,testRuntimeClasspath
org.checkerframework:checker-qual:2.11.1=runtimeClasspath,testRuntimeClasspath
org.codehaus.plexus:plexus-cipher:2.0=runtimeClasspath,testRuntimeClasspath
org.codehaus.plexus:plexus-classworlds:2.6.0=runtimeClasspath,testRuntimeClasspath
org.codehaus.plexus:plexus-component-annotations:2.1.0=runtimeClasspath,testRuntimeClasspath
org.codehaus.plexus:plexus-interpolation:1.26=runtimeClasspath,testRuntimeClasspath
org.codehaus.plexus:plexus-sec-dispatcher:2.0=runtimeClasspath,testRuntimeClasspath
org.codehaus.plexus:plexus-utils:3.4.1=runtimeClasspath,testRuntimeClasspath
org.codehaus.woodstox:stax2-api:4.2.1=runtimeClasspath,testRuntimeClasspath
org.cyclonedx.bom:org.cyclonedx.bom.gradle.plugin:1.7.0=compileClasspath,implementationDependenciesMetadata,runtimeClasspath,testCompileClasspath,testImplementationDependenciesMetadata,testRuntimeClasspath
org.cyclonedx:cyclonedx-core-java:7.1.5=runtimeClasspath,testRuntimeClasspath
org.cyclonedx:cyclonedx-gradle-plugin:1.7.0=compileClasspath,implementationDependenciesMetadata,runtimeClasspath,testCompileClasspath,testImplementationDependenciesMetadata,testRuntimeClasspath
org.eclipse.sisu:org.eclipse.sisu.inject:0.3.5=runtimeClasspath,testRuntimeClasspath
org.eclipse.sisu:org.eclipse.sisu.plexus:0.3.5=runtimeClasspath,testRuntimeClasspath
org.jetbrains.intellij.deps:trove4j:1.0.20181211=kotlinCompilerClasspath,kotlinKlibCommonizerClasspath,runtimeClasspath,testRuntimeClasspath
org.jetbrains.kotlin:kotlin-android-extensions:1.5.31=runtimeClasspath,testRuntimeClasspath
org.jetbrains.kotlin:kotlin-annotation-processing-gradle:1.5.31=runtimeClasspath,testRuntimeClasspath
org.jetbrains.kotlin:kotlin-build-common:1.5.31=runtimeClasspath,testRuntimeClasspath
org.jetbrains.kotlin:kotlin-compiler-embeddable:1.5.31=kotlinCompilerClasspath,kotlinKlibCommonizerClasspath,runtimeClasspath,testRuntimeClasspath
org.jetbrains.kotlin:kotlin-compiler-runner:1.5.31=runtimeClasspath,testRuntimeClasspath
org.jetbrains.kotlin:kotlin-daemon-client:1.5.31=runtimeClasspath,testRuntimeClasspath
org.jetbrains.kotlin:kotlin-daemon-embeddable:1.5.31=kotlinCompilerClasspath,kotlinKlibCommonizerClasspath,runtimeClasspath,testRuntimeClasspath
org.jetbrains.kotlin:kotlin-gradle-plugin-api:1.5.31=compileClasspath,implementationDependenciesMetadata,kotlinCompilerPluginClasspathMain,kotlinCompilerPluginClasspathTest,runtimeClasspath,testCompileClasspath,testImplementationDependenciesMetadata,testRuntimeClasspath
org.jetbrains.kotlin:kotlin-gradle-plugin-model:1.5.31=compileClasspath,implementationDependenciesMetadata,kotlinCompilerPluginClasspathMain,kotlinCompilerPluginClasspathTest,runtimeClasspath,testCompileClasspath,testImplementationDependenciesMetadata,testRuntimeClasspath
org.jetbrains.kotlin:kotlin-gradle-plugin:1.5.31=compileClasspath,implementationDependenciesMetadata,runtimeClasspath,testCompileClasspath,testImplementationDependenciesMetadata,testRuntimeClasspath
org.jetbrains.kotlin:kotlin-klib-commonizer-api:1.5.31=runtimeClasspath,testRuntimeClasspath
org.jetbrains.kotlin:kotlin-klib-commonizer-embeddable:1.5.31=kotlinKlibCommonizerClasspath
org.jetbrains.kotlin:kotlin-native-utils:1.5.31=compileClasspath,implementationDependenciesMetadata,kotlinCompilerPluginClasspathMain,kotlinCompilerPluginClasspathTest,runtimeClasspath,testCompileClasspath,testImplementationDependenciesMetadata,testRuntimeClasspath
org.jetbrains.kotlin:kotlin-project-model:1.5.31=compileClasspath,implementationDependenciesMetadata,kotlinCompilerPluginClasspathMain,kotlinCompilerPluginClasspathTest,runtimeClasspath,testCompileClasspath,testImplementationDependenciesMetadata,testRuntimeClasspath
org.jetbrains.kotlin:kotlin-reflect:1.5.31=compileClasspath,compileOnly,compileOnlyDependenciesMetadata,embeddedKotlin,kotlinCompilerClasspath,kotlinKlibCommonizerClasspath,testCompileClasspath,testImplementationDependenciesMetadata,testRuntimeClasspath
org.jetbrains.kotlin:kotlin-sam-with-receiver:1.5.31=kotlinCompilerPluginClasspathMain,kotlinCompilerPluginClasspathTest
org.jetbrains.kotlin:kotlin-script-runtime:1.5.31=kotlinCompilerClasspath,kotlinCompilerPluginClasspathMain,kotlinCompilerPluginClasspathTest,kotlinKlibCommonizerClasspath
org.jetbrains.kotlin:kotlin-scripting-common:1.5.31=kotlinCompilerPluginClasspathMain,kotlinCompilerPluginClasspathTest,runtimeClasspath,testRuntimeClasspath
org.jetbrains.kotlin:kotlin-scripting-compiler-embeddable:1.5.31=kotlinCompilerPluginClasspathMain,kotlinCompilerPluginClasspathTest,runtimeClasspath,testRuntimeClasspath
org.jetbrains.kotlin:kotlin-scripting-compiler-impl-embeddable:1.5.31=kotlinCompilerPluginClasspathMain,kotlinCompilerPluginClasspathTest,runtimeClasspath,testRuntimeClasspath
org.jetbrains.kotlin:kotlin-scripting-jvm:1.5.31=kotlinCompilerPluginClasspathMain,kotlinCompilerPluginClasspathTest,runtimeClasspath,testRuntimeClasspath
org.jetbrains.kotlin:kotlin-stdlib-common:1.5.31=compileClasspath,compileOnly,compileOnlyDependenciesMetadata,embeddedKotlin,kotlinCompilerClasspath,kotlinCompilerPluginClasspathMain,kotlinCompilerPluginClasspathTest,kotlinKlibCommonizerClasspath,testCompileClasspath,testImplementationDependenciesMetadata,testRuntimeClasspath
org.jetbrains.kotlin:kotlin-stdlib-jdk7:1.5.0=kotlinCompilerPluginClasspathMain,kotlinCompilerPluginClasspathTest
org.jetbrains.kotlin:kotlin-stdlib-jdk7:1.5.31=compileClasspath,compileOnly,compileOnlyDependenciesMetadata,embeddedKotlin,testCompileClasspath,testImplementationDependenciesMetadata,testRuntimeClasspath
org.jetbrains.kotlin:kotlin-stdlib-jdk8:1.5.0=kotlinCompilerPluginClasspathMain,kotlinCompilerPluginClasspathTest
org.jetbrains.kotlin:kotlin-stdlib-jdk8:1.5.31=compileClasspath,compileOnly,compileOnlyDependenciesMetadata,embeddedKotlin,testCompileClasspath,testImplementationDependenciesMetadata,testRuntimeClasspath
org.jetbrains.kotlin:kotlin-stdlib:1.5.31=compileClasspath,compileOnly,compileOnlyDependenciesMetadata,embeddedKotlin,kotlinCompilerClasspath,kotlinCompilerPluginClasspathMain,kotlinCompilerPluginClasspathTest,kotlinKlibCommonizerClasspath,testCompileClasspath,testImplementationDependenciesMetadata,testRuntimeClasspath
org.jetbrains.kotlin:kotlin-tooling-metadata:1.5.31=runtimeClasspath,testRuntimeClasspath
org.jetbrains.kotlin:kotlin-util-io:1.5.31=compileClasspath,implementationDependenciesMetadata,kotlinCompilerPluginClasspathMain,kotlinCompilerPluginClasspathTest,runtimeClasspath,testCompileClasspath,testImplementationDependenciesMetadata,testRuntimeClasspath
org.jetbrains.kotlin:kotlin-util-klib:1.5.31=runtimeClasspath,testRuntimeClasspath
org.jetbrains.kotlinx:kotlinx-coroutines-core-jvm:1.5.0=kotlinCompilerPluginClasspathMain,kotlinCompilerPluginClasspathTest,runtimeClasspath,testRuntimeClasspath
org.jetbrains.kotlinx:kotlinx-coroutines-core:1.5.0=kotlinCompilerPluginClasspathMain,kotlinCompilerPluginClasspathTest,runtimeClasspath,testRuntimeClasspath
org.jetbrains:annotations:13.0=compileClasspath,compileOnly,compileOnlyDependenciesMetadata,embeddedKotlin,kotlinCompilerClasspath,kotlinCompilerPluginClasspathMain,kotlinCompilerPluginClasspathTest,kotlinKlibCommonizerClasspath,testCompileClasspath,testImplementationDependenciesMetadata,testRuntimeClasspath
org.slf4j:slf4j-api:1.7.36=runtimeClasspath,testRuntimeClasspath
empty=annotationProcessor,apiDependenciesMetadata,intransitiveDependenciesMetadata,kotlinCompilerPluginClasspath,kotlinNativeCompilerPluginClasspath,kotlinScriptDef,kotlinScriptDefExtensions,runtimeOnlyDependenciesMetadata,testAnnotationProcessor,testApiDependenciesMetadata,testCompileOnly,testCompileOnlyDependenciesMetadata,testIntransitiveDependenciesMetadata,testKotlinScriptDef,testKotlinScriptDefExtensions,testRuntimeOnlyDependenciesMetadata
