# This is a Gradle generated file for dependency locking.
# Manual edits can break the build and are not advised.
# This file is expected to be part of source control.
com.fasterxml.jackson.core:jackson-annotations:2.9.0=runtimeClasspath,testRuntimeClasspath
com.fasterxml.jackson.core:jackson-core:2.9.8=runtimeClasspath,testRuntimeClasspath
com.fasterxml.jackson.core:jackson-databind:2.9.8=runtimeClasspath,testRuntimeClasspath
com.fasterxml.jackson.dataformat:jackson-dataformat-yaml:2.9.8=runtimeClasspath,testRuntimeClasspath
com.fasterxml.jackson.datatype:jackson-datatype-guava:2.9.8=runtimeClasspath,testRuntimeClasspath
com.fasterxml.jackson.datatype:jackson-datatype-jdk8:2.9.8=runtimeClasspath,testRuntimeClasspath
com.fasterxml.jackson.datatype:jackson-datatype-jsr310:2.9.8=runtimeClasspath,testRuntimeClasspath
com.github.ben-manes.caffeine:caffeine:2.6.2=runtimeClasspath,testRuntimeClasspath
com.google.guava:guava:21.0=runtimeClasspath,testRuntimeClasspath
com.squareup.okhttp3:okhttp:4.11.0=runtimeClasspath,testRuntimeClasspath
com.squareup.okio:okio-jvm:3.2.0=runtimeClasspath,testRuntimeClasspath
com.squareup.okio:okio:3.2.0=runtimeClasspath,testRuntimeClasspath
com.sun.activation:javax.activation:1.2.0=runtimeClasspath,testRuntimeClasspath
io.github.http-builder-ng:http-builder-ng-core:1.0.3=runtimeClasspath,testRuntimeClasspath
io.github.http-builder-ng:http-builder-ng-okhttp:1.0.3=runtimeClasspath,testRuntimeClasspath
io.github.rburgst:okhttp-digest:1.21=compileClasspath,implementationDependenciesMetadata,testCompileClasspath,testImplementationDependenciesMetadata
io.github.rburgst:okhttp-digest:3.1.0=runtimeClasspath,testRuntimeClasspath
io.netty:netty-buffer:4.1.32.Final=runtimeClasspath,testRuntimeClasspath
io.netty:netty-codec-http:4.1.32.Final=runtimeClasspath,testRuntimeClasspath
io.netty:netty-codec:4.1.32.Final=runtimeClasspath,testRuntimeClasspath
io.netty:netty-common:4.1.32.Final=runtimeClasspath,testRuntimeClasspath
io.netty:netty-handler:4.1.32.Final=runtimeClasspath,testRuntimeClasspath
io.netty:netty-resolver:4.1.32.Final=runtimeClasspath,testRuntimeClasspath
io.netty:netty-transport-native-epoll:4.1.32.Final=runtimeClasspath,testRuntimeClasspath
io.netty:netty-transport-native-unix-common:4.1.32.Final=runtimeClasspath,testRuntimeClasspath
io.netty:netty-transport:4.1.32.Final=runtimeClasspath,testRuntimeClasspath
io.ratpack:ratpack-base:1.6.1=runtimeClasspath,testRuntimeClasspath
io.ratpack:ratpack-core:1.6.1=runtimeClasspath,testRuntimeClasspath
io.ratpack:ratpack-exec:1.6.1=runtimeClasspath,testRuntimeClasspath
org.apache.commons:commons-collections4:4.4=runtimeClasspath,testRuntimeClasspath
org.asciidoctor.jvm.convert:org.asciidoctor.jvm.convert.gradle.plugin:4.0.3=compileClasspath,implementationDependenciesMetadata,runtimeClasspath,testCompileClasspath,testImplementationDependenciesMetadata,testRuntimeClasspath
org.asciidoctor.jvm.gems:org.asciidoctor.jvm.gems.gradle.plugin:4.0.3=compileClasspath,implementationDependenciesMetadata,runtimeClasspath,testCompileClasspath,testImplementationDependenciesMetadata,testRuntimeClasspath
org.asciidoctor:asciidoctor-gradle-base:4.0.3=compileClasspath,implementationDependenciesMetadata,runtimeClasspath,testCompileClasspath,testImplementationDependenciesMetadata,testRuntimeClasspath
org.asciidoctor:asciidoctor-gradle-jvm-gems:4.0.3=compileClasspath,implementationDependenciesMetadata,runtimeClasspath,testCompileClasspath,testImplementationDependenciesMetadata,testRuntimeClasspath
org.asciidoctor:asciidoctor-gradle-jvm:4.0.3=compileClasspath,implementationDependenciesMetadata,runtimeClasspath,testCompileClasspath,testImplementationDependenciesMetadata,testRuntimeClasspath
org.asciidoctor:asciidoctorj-api:2.5.7=runtimeClasspath,testRuntimeClasspath
org.javassist:javassist:3.22.0-GA=runtimeClasspath,testRuntimeClasspath
org.jetbrains.intellij.deps:trove4j:1.0.20200330=kotlinBuildToolsApiClasspath,kotlinCompilerClasspath,kotlinKlibCommonizerClasspath,runtimeClasspath,testRuntimeClasspath
org.jetbrains.kotlin:kotlin-android-extensions:1.9.24=runtimeClasspath,testRuntimeClasspath
org.jetbrains.kotlin:kotlin-assignment-compiler-plugin-embeddable:1.9.24=kotlinCompilerPluginClasspathMain,kotlinCompilerPluginClasspathTest
org.jetbrains.kotlin:kotlin-build-common:1.9.24=kotlinBuildToolsApiClasspath
org.jetbrains.kotlin:kotlin-build-tools-api:1.9.24=kotlinBuildToolsApiClasspath,runtimeClasspath,testRuntimeClasspath
org.jetbrains.kotlin:kotlin-build-tools-impl:1.9.24=kotlinBuildToolsApiClasspath
org.jetbrains.kotlin:kotlin-compiler-embeddable:1.9.24=kotlinBuildToolsApiClasspath,kotlinCompilerClasspath,kotlinKlibCommonizerClasspath,runtimeClasspath,testRuntimeClasspath
org.jetbrains.kotlin:kotlin-compiler-runner:1.9.24=kotlinBuildToolsApiClasspath,runtimeClasspath,testRuntimeClasspath
org.jetbrains.kotlin:kotlin-daemon-client:1.9.24=kotlinBuildToolsApiClasspath,runtimeClasspath,testRuntimeClasspath
org.jetbrains.kotlin:kotlin-daemon-embeddable:1.9.24=kotlinBuildToolsApiClasspath,kotlinCompilerClasspath,kotlinKlibCommonizerClasspath,runtimeClasspath,testRuntimeClasspath
org.jetbrains.kotlin:kotlin-gradle-plugin-annotations:1.9.24=compileClasspath,implementationDependenciesMetadata,runtimeClasspath,testCompileClasspath,testImplementationDependenciesMetadata,testRuntimeClasspath
org.jetbrains.kotlin:kotlin-gradle-plugin-api:1.9.24=compileClasspath,implementationDependenciesMetadata,runtimeClasspath,testCompileClasspath,testImplementationDependenciesMetadata,testRuntimeClasspath
org.jetbrains.kotlin:kotlin-gradle-plugin-idea-proto:1.9.24=runtimeClasspath,testRuntimeClasspath
org.jetbrains.kotlin:kotlin-gradle-plugin-idea:1.9.24=runtimeClasspath,testRuntimeClasspath
org.jetbrains.kotlin:kotlin-gradle-plugin-model:1.9.24=compileClasspath,implementationDependenciesMetadata,runtimeClasspath,testCompileClasspath,testImplementationDependenciesMetadata,testRuntimeClasspath
org.jetbrains.kotlin:kotlin-gradle-plugin:1.9.24=compileClasspath,implementationDependenciesMetadata,runtimeClasspath,testCompileClasspath,testImplementationDependenciesMetadata,testRuntimeClasspath
org.jetbrains.kotlin:kotlin-gradle-plugins-bom:1.9.24=compileClasspath,implementationDependenciesMetadata,runtimeClasspath,testCompileClasspath,testImplementationDependenciesMetadata,testRuntimeClasspath
org.jetbrains.kotlin:kotlin-klib-commonizer-api:1.9.24=runtimeClasspath,testRuntimeClasspath
org.jetbrains.kotlin:kotlin-klib-commonizer-embeddable:1.9.24=kotlinKlibCommonizerClasspath
org.jetbrains.kotlin:kotlin-native-utils:1.9.24=compileClasspath,implementationDependenciesMetadata,runtimeClasspath,testCompileClasspath,testImplementationDependenciesMetadata,testRuntimeClasspath
org.jetbrains.kotlin:kotlin-project-model:1.9.24=compileClasspath,implementationDependenciesMetadata,runtimeClasspath,testCompileClasspath,testImplementationDependenciesMetadata,testRuntimeClasspath
org.jetbrains.kotlin:kotlin-reflect:1.6.10=kotlinBuildToolsApiClasspath,kotlinCompilerClasspath,kotlinKlibCommonizerClasspath
org.jetbrains.kotlin:kotlin-reflect:1.9.24=compileClasspath,compileOnlyDependenciesMetadata,embeddedKotlin,testCompileClasspath,testImplementationDependenciesMetadata,testRuntimeClasspath
org.jetbrains.kotlin:kotlin-sam-with-receiver-compiler-plugin-embeddable:1.9.24=kotlinCompilerPluginClasspathMain,kotlinCompilerPluginClasspathTest
org.jetbrains.kotlin:kotlin-script-runtime:1.9.24=kotlinBuildToolsApiClasspath,kotlinCompilerClasspath,kotlinCompilerPluginClasspathMain,kotlinCompilerPluginClasspathTest,kotlinKlibCommonizerClasspath
org.jetbrains.kotlin:kotlin-scripting-common:1.9.24=kotlinCompilerPluginClasspathMain,kotlinCompilerPluginClasspathTest,runtimeClasspath,testRuntimeClasspath
org.jetbrains.kotlin:kotlin-scripting-compiler-embeddable:1.9.24=kotlinCompilerPluginClasspathMain,kotlinCompilerPluginClasspathTest,runtimeClasspath,testRuntimeClasspath
org.jetbrains.kotlin:kotlin-scripting-compiler-impl-embeddable:1.9.24=kotlinCompilerPluginClasspathMain,kotlinCompilerPluginClasspathTest,runtimeClasspath,testRuntimeClasspath
org.jetbrains.kotlin:kotlin-scripting-jvm:1.9.24=kotlinCompilerPluginClasspathMain,kotlinCompilerPluginClasspathTest,runtimeClasspath,testRuntimeClasspath
org.jetbrains.kotlin:kotlin-stdlib-common:1.6.20=runtimeClasspath
org.jetbrains.kotlin:kotlin-stdlib-common:1.9.24=testRuntimeClasspath
org.jetbrains.kotlin:kotlin-stdlib-jdk7:1.6.20=runtimeClasspath
org.jetbrains.kotlin:kotlin-stdlib-jdk7:1.8.0=testRuntimeClasspath
org.jetbrains.kotlin:kotlin-stdlib-jdk8:1.6.20=runtimeClasspath
org.jetbrains.kotlin:kotlin-stdlib-jdk8:1.8.0=testRuntimeClasspath
org.jetbrains.kotlin:kotlin-stdlib:1.6.20=runtimeClasspath
org.jetbrains.kotlin:kotlin-stdlib:1.9.24=compileClasspath,compileOnlyDependenciesMetadata,embeddedKotlin,kotlinBuildToolsApiClasspath,kotlinCompilerClasspath,kotlinCompilerPluginClasspathMain,kotlinCompilerPluginClasspathTest,kotlinKlibCommonizerClasspath,testCompileClasspath,testImplementationDependenciesMetadata,testRuntimeClasspath
org.jetbrains.kotlin:kotlin-tooling-core:1.9.24=compileClasspath,implementationDependenciesMetadata,runtimeClasspath,testCompileClasspath,testImplementationDependenciesMetadata,testRuntimeClasspath
org.jetbrains.kotlin:kotlin-util-io:1.9.24=compileClasspath,implementationDependenciesMetadata,runtimeClasspath,testCompileClasspath,testImplementationDependenciesMetadata,testRuntimeClasspath
org.jetbrains.kotlin:kotlin-util-klib:1.9.24=compileClasspath,implementationDependenciesMetadata,runtimeClasspath,testCompileClasspath,testImplementationDependenciesMetadata,testRuntimeClasspath
org.jetbrains.kotlinx:kotlinx-coroutines-core-jvm:1.5.0=kotlinBuildToolsApiClasspath,runtimeClasspath,testRuntimeClasspath
org.jetbrains:annotations:13.0=compileClasspath,embeddedKotlin,kotlinBuildToolsApiClasspath,kotlinCompilerClasspath,kotlinCompilerPluginClasspathMain,kotlinCompilerPluginClasspathTest,kotlinKlibCommonizerClasspath,runtimeClasspath,testCompileClasspath,testRuntimeClasspath
org.reactivestreams:reactive-streams:1.0.2=runtimeClasspath,testRuntimeClasspath
org.slf4j:slf4j-api:1.7.25=runtimeClasspath,testRuntimeClasspath
org.tukaani:xz:1.6=runtimeClasspath,testRuntimeClasspath
org.yaml:snakeyaml:1.23=runtimeClasspath,testRuntimeClasspath
org.ysb33r.gradle.jruby:jrubygradle-resolver:1.0.2=compileClasspath,implementationDependenciesMetadata,runtimeClasspath,testCompileClasspath,testImplementationDependenciesMetadata,testRuntimeClasspath
org.ysb33r.gradle:grolifant-core:3.0.1=compileClasspath,implementationDependenciesMetadata,runtimeClasspath,testCompileClasspath,testImplementationDependenciesMetadata,testRuntimeClasspath
org.ysb33r.gradle:grolifant-herd:3.0.1=compileClasspath,implementationDependenciesMetadata,runtimeClasspath,testCompileClasspath,testImplementationDependenciesMetadata,testRuntimeClasspath
org.ysb33r.gradle:grolifant-rawhide:3.0.1=compileClasspath,implementationDependenciesMetadata,runtimeClasspath,testCompileClasspath,testImplementationDependenciesMetadata,testRuntimeClasspath
org.ysb33r.gradle:grolifant40-legacy-api:3.0.1=compileClasspath,implementationDependenciesMetadata,runtimeClasspath,testCompileClasspath,testImplementationDependenciesMetadata,testRuntimeClasspath
org.ysb33r.gradle:grolifant40:3.0.1=compileClasspath,implementationDependenciesMetadata,runtimeClasspath,testCompileClasspath,testImplementationDependenciesMetadata,testRuntimeClasspath
org.ysb33r.gradle:grolifant50:3.0.1=compileClasspath,implementationDependenciesMetadata,runtimeClasspath,testCompileClasspath,testImplementationDependenciesMetadata,testRuntimeClasspath
org.ysb33r.gradle:grolifant60:3.0.1=compileClasspath,implementationDependenciesMetadata,runtimeClasspath,testCompileClasspath,testImplementationDependenciesMetadata,testRuntimeClasspath
org.ysb33r.gradle:grolifant70:3.0.1=compileClasspath,implementationDependenciesMetadata,runtimeClasspath,testCompileClasspath,testImplementationDependenciesMetadata,testRuntimeClasspath
org.ysb33r.gradle:grolifant80:3.0.1=compileClasspath,implementationDependenciesMetadata,runtimeClasspath,testCompileClasspath,testImplementationDependenciesMetadata,testRuntimeClasspath
xml-resolver:xml-resolver:1.2=runtimeClasspath,testRuntimeClasspath
empty=annotationProcessor,apiDependenciesMetadata,intransitiveDependenciesMetadata,kotlinCompilerPluginClasspath,kotlinNativeCompilerPluginClasspath,kotlinScriptDef,kotlinScriptDefExtensions,testAnnotationProcessor,testApiDependenciesMetadata,testCompileOnlyDependenciesMetadata,testIntransitiveDependenciesMetadata,testKotlinScriptDef,testKotlinScriptDefExtensions
