# This is a Gradle generated file for dependency locking.
# Manual edits can break the build and are not advised.
# This file is expected to be part of source control.
aopalliance:aopalliance:1.0=runtimeClasspath,testRuntimeClasspath
com.burgstaller:okhttp-digest:1.10=runtimeClasspath,testRuntimeClasspath
com.ethlo.time:itu:1.7.0=runtimeClasspath,testRuntimeClasspath
com.fasterxml.jackson.core:jackson-annotations:2.15.3=runtimeClasspath,testRuntimeClasspath
com.fasterxml.jackson.core:jackson-core:2.15.3=runtimeClasspath,testRuntimeClasspath
com.fasterxml.jackson.core:jackson-databind:2.15.3=runtimeClasspath,testRuntimeClasspath
com.fasterxml.jackson.dataformat:jackson-dataformat-xml:2.15.3=runtimeClasspath,testRuntimeClasspath
com.fasterxml.jackson.dataformat:jackson-dataformat-yaml:2.15.3=runtimeClasspath,testRuntimeClasspath
com.fasterxml.jackson.datatype:jackson-datatype-guava:2.15.3=runtimeClasspath,testRuntimeClasspath
com.fasterxml.jackson.datatype:jackson-datatype-jdk8:2.15.3=runtimeClasspath,testRuntimeClasspath
com.fasterxml.jackson.datatype:jackson-datatype-jsr310:2.15.3=runtimeClasspath,testRuntimeClasspath
com.fasterxml.jackson:jackson-bom:2.15.3=runtimeClasspath,testRuntimeClasspath
com.fasterxml.woodstox:woodstox-core:6.5.1=runtimeClasspath,testRuntimeClasspath
com.github.ben-manes.caffeine:caffeine:2.6.2=runtimeClasspath,testRuntimeClasspath
com.github.jruby-gradle:jruby-gradle-core-plugin:2.0.2=compileClasspath,implementationDependenciesMetadata,runtimeClasspath,testCompileClasspath,testImplementationDependenciesMetadata,testRuntimeClasspath
com.github.package-url:packageurl-java:1.4.1=runtimeClasspath,testRuntimeClasspath
com.google.code.findbugs:jsr305:3.0.2=runtimeClasspath,testRuntimeClasspath
com.google.errorprone:error_prone_annotations:2.18.0=runtimeClasspath,testRuntimeClasspath
com.google.guava:failureaccess:1.0.1=runtimeClasspath,testRuntimeClasspath
com.google.guava:guava:32.0.1-jre=runtimeClasspath,testRuntimeClasspath
com.google.guava:listenablefuture:9999.0-empty-to-avoid-conflict-with-guava=runtimeClasspath,testRuntimeClasspath
com.google.inject:guice:5.1.0=runtimeClasspath,testRuntimeClasspath
com.google.j2objc:j2objc-annotations:2.8=runtimeClasspath,testRuntimeClasspath
com.networknt:json-schema-validator:1.0.87=runtimeClasspath,testRuntimeClasspath
com.squareup.okhttp3:okhttp:3.5.0=runtimeClasspath,testRuntimeClasspath
com.squareup.okio:okio:1.11.0=runtimeClasspath,testRuntimeClasspath
com.sun.activation:javax.activation:1.2.0=runtimeClasspath,testRuntimeClasspath
commons-codec:commons-codec:1.16.0=runtimeClasspath,testRuntimeClasspath
commons-io:commons-io:2.15.1=runtimeClasspath,testRuntimeClasspath
io.github.http-builder-ng:http-builder-ng-core:1.0.3=runtimeClasspath,testRuntimeClasspath
io.github.http-builder-ng:http-builder-ng-okhttp:1.0.3=runtimeClasspath,testRuntimeClasspath
io.netty:netty-buffer:4.1.32.Final=runtimeClasspath,testRuntimeClasspath
io.netty:netty-codec-http:4.1.32.Final=runtimeClasspath,testRuntimeClasspath
io.netty:netty-codec:4.1.32.Final=runtimeClasspath,testRuntimeClasspath
io.netty:netty-common:4.1.32.Final=runtimeClasspath,testRuntimeClasspath
io.netty:netty-handler:4.1.32.Final=runtimeClasspath,testRuntimeClasspath
io.netty:netty-resolver:4.1.32.Final=runtimeClasspath,testRuntimeClasspath
io.netty:netty-transport-native-epoll:4.1.32.Final=runtimeClasspath,testRuntimeClasspath
io.netty:netty-transport-native-unix-common:4.1.32.Final=runtimeClasspath,testRuntimeClasspath
io.netty:netty-transport:4.1.32.Final=runtimeClasspath,testRuntimeClasspath
io.ratpack:ratpack-base:1.6.1=runtimeClasspath,testRuntimeClasspath
io.ratpack:ratpack-core:1.6.1=runtimeClasspath,testRuntimeClasspath
io.ratpack:ratpack-exec:1.6.1=runtimeClasspath,testRuntimeClasspath
javax.annotation:javax.annotation-api:1.2=runtimeClasspath,testRuntimeClasspath
javax.inject:javax.inject:1=runtimeClasspath,testRuntimeClasspath
org.apache.commons:commons-lang3:3.13.0=runtimeClasspath,testRuntimeClasspath
org.apache.maven.resolver:maven-resolver-api:1.9.18=runtimeClasspath,testRuntimeClasspath
org.apache.maven.resolver:maven-resolver-impl:1.9.18=runtimeClasspath,testRuntimeClasspath
org.apache.maven.resolver:maven-resolver-named-locks:1.9.18=runtimeClasspath,testRuntimeClasspath
org.apache.maven.resolver:maven-resolver-spi:1.9.18=runtimeClasspath,testRuntimeClasspath
org.apache.maven.resolver:maven-resolver-util:1.9.18=runtimeClasspath,testRuntimeClasspath
org.apache.maven.shared:maven-shared-utils:3.3.4=runtimeClasspath,testRuntimeClasspath
org.apache.maven:maven-artifact:3.9.6=runtimeClasspath,testRuntimeClasspath
org.apache.maven:maven-builder-support:3.9.6=runtimeClasspath,testRuntimeClasspath
org.apache.maven:maven-core:3.9.6=runtimeClasspath,testRuntimeClasspath
org.apache.maven:maven-model-builder:3.9.6=runtimeClasspath,testRuntimeClasspath
org.apache.maven:maven-model:3.9.6=runtimeClasspath,testRuntimeClasspath
org.apache.maven:maven-plugin-api:3.9.6=runtimeClasspath,testRuntimeClasspath
org.apache.maven:maven-repository-metadata:3.9.6=runtimeClasspath,testRuntimeClasspath
org.apache.maven:maven-resolver-provider:3.9.6=runtimeClasspath,testRuntimeClasspath
org.apache.maven:maven-settings-builder:3.9.6=runtimeClasspath,testRuntimeClasspath
org.apache.maven:maven-settings:3.9.6=runtimeClasspath,testRuntimeClasspath
org.asciidoctor.jvm.convert:org.asciidoctor.jvm.convert.gradle.plugin:3.3.2=compileClasspath,implementationDependenciesMetadata,runtimeClasspath,testCompileClasspath,testImplementationDependenciesMetadata,testRuntimeClasspath
org.asciidoctor.jvm.gems:org.asciidoctor.jvm.gems.gradle.plugin:3.3.2=compileClasspath,implementationDependenciesMetadata,runtimeClasspath,testCompileClasspath,testImplementationDependenciesMetadata,testRuntimeClasspath
org.asciidoctor:asciidoctor-gradle-base:3.3.2=compileClasspath,implementationDependenciesMetadata,runtimeClasspath,testCompileClasspath,testImplementationDependenciesMetadata,testRuntimeClasspath
org.asciidoctor:asciidoctor-gradle-jvm-gems:3.3.2=compileClasspath,implementationDependenciesMetadata,runtimeClasspath,testCompileClasspath,testImplementationDependenciesMetadata,testRuntimeClasspath
org.asciidoctor:asciidoctor-gradle-jvm:3.3.2=compileClasspath,implementationDependenciesMetadata,runtimeClasspath,testCompileClasspath,testImplementationDependenciesMetadata,testRuntimeClasspath
org.checkerframework:checker-qual:3.33.0=runtimeClasspath,testRuntimeClasspath
org.codehaus.plexus:plexus-cipher:2.0=runtimeClasspath,testRuntimeClasspath
org.codehaus.plexus:plexus-classworlds:2.7.0=runtimeClasspath,testRuntimeClasspath
org.codehaus.plexus:plexus-component-annotations:2.1.0=runtimeClasspath,testRuntimeClasspath
org.codehaus.plexus:plexus-interpolation:1.26=runtimeClasspath,testRuntimeClasspath
org.codehaus.plexus:plexus-sec-dispatcher:2.0=runtimeClasspath,testRuntimeClasspath
org.codehaus.plexus:plexus-utils:3.5.1=runtimeClasspath,testRuntimeClasspath
org.codehaus.woodstox:stax2-api:4.2.1=runtimeClasspath,testRuntimeClasspath
org.cyclonedx.bom:org.cyclonedx.bom.gradle.plugin:1.8.2=compileClasspath,implementationDependenciesMetadata,runtimeClasspath,testCompileClasspath,testImplementationDependenciesMetadata,testRuntimeClasspath
org.cyclonedx:cyclonedx-core-java:8.0.3=runtimeClasspath,testRuntimeClasspath
org.cyclonedx:cyclonedx-gradle-plugin:1.8.2=compileClasspath,implementationDependenciesMetadata,runtimeClasspath,testCompileClasspath,testImplementationDependenciesMetadata,testRuntimeClasspath
org.eclipse.sisu:org.eclipse.sisu.inject:0.9.0.M2=runtimeClasspath,testRuntimeClasspath
org.eclipse.sisu:org.eclipse.sisu.plexus:0.9.0.M2=runtimeClasspath,testRuntimeClasspath
org.javassist:javassist:3.22.0-GA=runtimeClasspath,testRuntimeClasspath
org.jetbrains.intellij.deps:trove4j:1.0.20200330=kotlinBuildToolsApiClasspath,kotlinCompilerClasspath,kotlinKlibCommonizerClasspath,runtimeClasspath,testRuntimeClasspath
org.jetbrains.kotlin:kotlin-android-extensions:1.9.20=runtimeClasspath,testRuntimeClasspath
org.jetbrains.kotlin:kotlin-assignment-compiler-plugin-embeddable:1.9.20=kotlinCompilerPluginClasspathMain,kotlinCompilerPluginClasspathTest
org.jetbrains.kotlin:kotlin-build-common:1.9.20=kotlinBuildToolsApiClasspath
org.jetbrains.kotlin:kotlin-build-tools-api:1.9.20=kotlinBuildToolsApiClasspath,runtimeClasspath,testRuntimeClasspath
org.jetbrains.kotlin:kotlin-build-tools-impl:1.9.20=kotlinBuildToolsApiClasspath
org.jetbrains.kotlin:kotlin-compiler-embeddable:1.9.20=kotlinBuildToolsApiClasspath,kotlinCompilerClasspath,kotlinKlibCommonizerClasspath,runtimeClasspath,testRuntimeClasspath
org.jetbrains.kotlin:kotlin-compiler-runner:1.9.20=kotlinBuildToolsApiClasspath,runtimeClasspath,testRuntimeClasspath
org.jetbrains.kotlin:kotlin-daemon-client:1.9.20=kotlinBuildToolsApiClasspath,runtimeClasspath,testRuntimeClasspath
org.jetbrains.kotlin:kotlin-daemon-embeddable:1.9.20=kotlinBuildToolsApiClasspath,kotlinCompilerClasspath,kotlinKlibCommonizerClasspath,runtimeClasspath,testRuntimeClasspath
org.jetbrains.kotlin:kotlin-gradle-plugin-annotations:1.9.20=compileClasspath,implementationDependenciesMetadata,runtimeClasspath,testCompileClasspath,testImplementationDependenciesMetadata,testRuntimeClasspath
org.jetbrains.kotlin:kotlin-gradle-plugin-api:1.9.20=compileClasspath,implementationDependenciesMetadata,runtimeClasspath,testCompileClasspath,testImplementationDependenciesMetadata,testRuntimeClasspath
org.jetbrains.kotlin:kotlin-gradle-plugin-idea-proto:1.9.20=runtimeClasspath,testRuntimeClasspath
org.jetbrains.kotlin:kotlin-gradle-plugin-idea:1.9.20=runtimeClasspath,testRuntimeClasspath
org.jetbrains.kotlin:kotlin-gradle-plugin-model:1.9.20=compileClasspath,implementationDependenciesMetadata,runtimeClasspath,testCompileClasspath,testImplementationDependenciesMetadata,testRuntimeClasspath
org.jetbrains.kotlin:kotlin-gradle-plugin:1.9.20=compileClasspath,implementationDependenciesMetadata,runtimeClasspath,testCompileClasspath,testImplementationDependenciesMetadata,testRuntimeClasspath
org.jetbrains.kotlin:kotlin-gradle-plugins-bom:1.9.20=compileClasspath,implementationDependenciesMetadata,runtimeClasspath,testCompileClasspath,testImplementationDependenciesMetadata,testRuntimeClasspath
org.jetbrains.kotlin:kotlin-klib-commonizer-api:1.9.20=runtimeClasspath,testRuntimeClasspath
org.jetbrains.kotlin:kotlin-klib-commonizer-embeddable:1.9.20=kotlinKlibCommonizerClasspath
org.jetbrains.kotlin:kotlin-native-utils:1.9.20=compileClasspath,implementationDependenciesMetadata,runtimeClasspath,testCompileClasspath,testImplementationDependenciesMetadata,testRuntimeClasspath
org.jetbrains.kotlin:kotlin-project-model:1.9.20=compileClasspath,implementationDependenciesMetadata,runtimeClasspath,testCompileClasspath,testImplementationDependenciesMetadata,testRuntimeClasspath
org.jetbrains.kotlin:kotlin-reflect:1.6.10=kotlinBuildToolsApiClasspath,kotlinCompilerClasspath,kotlinKlibCommonizerClasspath
org.jetbrains.kotlin:kotlin-reflect:1.9.20=compileClasspath,compileOnlyDependenciesMetadata,embeddedKotlin,testCompileClasspath,testImplementationDependenciesMetadata,testRuntimeClasspath
org.jetbrains.kotlin:kotlin-sam-with-receiver-compiler-plugin-embeddable:1.9.20=kotlinCompilerPluginClasspathMain,kotlinCompilerPluginClasspathTest
org.jetbrains.kotlin:kotlin-script-runtime:1.9.20=kotlinBuildToolsApiClasspath,kotlinCompilerClasspath,kotlinCompilerPluginClasspathMain,kotlinCompilerPluginClasspathTest,kotlinKlibCommonizerClasspath
org.jetbrains.kotlin:kotlin-scripting-common:1.9.20=kotlinCompilerPluginClasspathMain,kotlinCompilerPluginClasspathTest,runtimeClasspath,testRuntimeClasspath
org.jetbrains.kotlin:kotlin-scripting-compiler-embeddable:1.9.20=kotlinCompilerPluginClasspathMain,kotlinCompilerPluginClasspathTest,runtimeClasspath,testRuntimeClasspath
org.jetbrains.kotlin:kotlin-scripting-compiler-impl-embeddable:1.9.20=kotlinCompilerPluginClasspathMain,kotlinCompilerPluginClasspathTest,runtimeClasspath,testRuntimeClasspath
org.jetbrains.kotlin:kotlin-scripting-jvm:1.9.20=kotlinCompilerPluginClasspathMain,kotlinCompilerPluginClasspathTest,runtimeClasspath,testRuntimeClasspath
org.jetbrains.kotlin:kotlin-stdlib:1.9.20=compileClasspath,compileOnlyDependenciesMetadata,embeddedKotlin,kotlinBuildToolsApiClasspath,kotlinCompilerClasspath,kotlinCompilerPluginClasspathMain,kotlinCompilerPluginClasspathTest,kotlinKlibCommonizerClasspath,testCompileClasspath,testImplementationDependenciesMetadata,testRuntimeClasspath
org.jetbrains.kotlin:kotlin-tooling-core:1.9.20=compileClasspath,implementationDependenciesMetadata,runtimeClasspath,testCompileClasspath,testImplementationDependenciesMetadata,testRuntimeClasspath
org.jetbrains.kotlin:kotlin-util-io:1.9.20=compileClasspath,implementationDependenciesMetadata,runtimeClasspath,testCompileClasspath,testImplementationDependenciesMetadata,testRuntimeClasspath
org.jetbrains.kotlin:kotlin-util-klib:1.9.20=compileClasspath,implementationDependenciesMetadata,runtimeClasspath,testCompileClasspath,testImplementationDependenciesMetadata,testRuntimeClasspath
org.jetbrains.kotlinx:kotlinx-coroutines-core-jvm:1.5.0=kotlinBuildToolsApiClasspath,runtimeClasspath,testRuntimeClasspath
org.jetbrains:annotations:13.0=compileClasspath,embeddedKotlin,kotlinBuildToolsApiClasspath,kotlinCompilerClasspath,kotlinCompilerPluginClasspathMain,kotlinCompilerPluginClasspathTest,kotlinKlibCommonizerClasspath,testCompileClasspath,testRuntimeClasspath
org.reactivestreams:reactive-streams:1.0.2=runtimeClasspath,testRuntimeClasspath
org.slf4j:slf4j-api:2.0.7=runtimeClasspath,testRuntimeClasspath
org.tukaani:xz:1.6=runtimeClasspath,testRuntimeClasspath
org.yaml:snakeyaml:2.1=runtimeClasspath,testRuntimeClasspath
org.ysb33r.gradle:grolifant:0.16.1=compileClasspath,implementationDependenciesMetadata,runtimeClasspath,testCompileClasspath,testImplementationDependenciesMetadata,testRuntimeClasspath
xml-resolver:xml-resolver:1.2=runtimeClasspath,testRuntimeClasspath
empty=annotationProcessor,apiDependenciesMetadata,intransitiveDependenciesMetadata,kotlinCompilerPluginClasspath,kotlinNativeCompilerPluginClasspath,kotlinScriptDef,kotlinScriptDefExtensions,testAnnotationProcessor,testApiDependenciesMetadata,testCompileOnlyDependenciesMetadata,testIntransitiveDependenciesMetadata,testKotlinScriptDef,testKotlinScriptDefExtensions
